
Microsoft Visual Studio Solution File, Format Version 12.00
# Visual Studio Version 17
VisualStudioVersion = 17.0.31717.71
MinimumVisualStudioVersion = 10.0.40219.1
Project("{FAE04EC0-301F-11D3-BF4B-00C04F79EFBC}") = "ElectionsWinners_CodeSignal_Arcade", "ElectionsWinners_CodeSignal_Arcade\ElectionsWinners_CodeSignal_Arcade.csproj", "{F5002E89-268C-48E6-B41A-EC3D70E01009}"
EndProject
Global
	GlobalSection(SolutionConfigurationPlatforms) = preSolution
		Debug|Any CPU = Debug|Any CPU
		Release|Any CPU = Release|Any CPU
	EndGlobalSection
	GlobalSection(ProjectConfigurationPlatforms) = postSolution
		{F5002E89-268C-48E6-B41A-EC3D70E01009}.Debug|Any CPU.ActiveCfg = Debug|Any CPU
		{F5002E89-268C-48E6-B41A-EC3D70E01009}.Debug|Any CPU.Build.0 = Debug|Any CPU
		{F5002E89-268C-48E6-B41A-EC3D70E01009}.Release|Any CPU.ActiveCfg = Release|Any CPU
		{F5002E89-268C-48E6-B41A-EC3D70E01009}.Release|Any CPU.Build.0 = Release|Any CPU
	EndGlobalSection
	GlobalSection(SolutionProperties) = preSolution
		HideSolutionNode = FALSE
	EndGlobalSection
	GlobalSection(ExtensibilityGlobals) = postSolution
		SolutionGuid = {9980DADC-C19B-4797-89EF-5ACDAB56C8D0}
	EndGlobalSection
EndGlobal
